{
  "nodes": {
    "fenix": {
      "inputs": {
        "nixpkgs": [
          "nixos"
        ],
        "rust-analyzer-src": "rust-analyzer-src"
      },
      "locked": {
        "lastModified": 1635229442,
        "narHash": "sha256-BsHa7GCfREKoYIEZ66I1xusHEaH/KriVr8SQ6WGGWsk=",
        "owner": "nix-community",
        "repo": "fenix",
        "rev": "b11623174c3ac51ae3fe944730c7ffafcbed0351",
        "type": "github"
      },
      "original": {
        "owner": "nix-community",
        "repo": "fenix",
        "type": "github"
      }
    },
    "home": {
      "inputs": {
        "nixpkgs": [
          "nixos"
        ]
      },
      "locked": {
        "lastModified": 1635839387,
        "narHash": "sha256-2B6DqfTiwY5w2TljC4+AxEUuVYMTP5Fo2h5iGNIONvk=",
        "owner": "nix-community",
        "repo": "home-manager",
        "rev": "288faaa5a65e72e37e6027024829b15c8bb69286",
        "type": "github"
      },
      "original": {
        "owner": "nix-community",
        "repo": "home-manager",
        "type": "github"
      }
    },
    "lowdown-src": {
      "flake": false,
      "locked": {
        "lastModified": 1633514407,
        "narHash": "sha256-Dw32tiMjdK9t3ETl5fzGrutQTzh2rufgZV4A/BbxuD4=",
        "owner": "kristapsdz",
        "repo": "lowdown",
        "rev": "d2c2b44ff6c27b936ec27358a2653caaef8f73b8",
        "type": "github"
      },
      "original": {
        "owner": "kristapsdz",
        "repo": "lowdown",
        "type": "github"
      }
    },
    "macos": {
      "inputs": {
        "nixpkgs": [
          "nixos"
        ]
      },
      "locked": {
        "lastModified": 1634994402,
        "narHash": "sha256-xmlCVVOYGpZoxgOqsDOVF0B0ASrnbNGVAEzID9qh2xo=",
        "owner": "lnl7",
        "repo": "nix-darwin",
        "rev": "44da835ac40dab5fd231298b59d83487382d2fab",
        "type": "github"
      },
      "original": {
        "owner": "lnl7",
        "repo": "nix-darwin",
        "type": "github"
      }
    },
    "nix": {
      "inputs": {
        "lowdown-src": "lowdown-src",
        "nixpkgs": "nixpkgs"
      },
      "locked": {
        "lastModified": 1635794566,
        "narHash": "sha256-op48CCDgLHK0qV1Batz4Ln5FqBiRjlE6qHTiZgt3b6k=",
        "owner": "nixos",
        "repo": "nix",
        "rev": "9d5c985aedcf7d11a5310eae6f27dcde8eb7f608",
        "type": "github"
      },
      "original": {
        "owner": "nixos",
        "ref": "2.4",
        "repo": "nix",
        "type": "github"
      }
    },
    "nixos": {
      "locked": {
        "lastModified": 1633422745,
        "narHash": "sha256-gA6Ok64nPbkjHk3Oanq4641EeYkjcKhisDF9wBjLxEk=",
        "owner": "nixos",
        "repo": "nixpkgs",
        "rev": "8e1eab9eae4278c9bb1dcae426848a581943db5a",
        "type": "github"
      },
      "original": {
        "owner": "nixos",
        "ref": "nixos-unstable",
        "repo": "nixpkgs",
        "type": "github"
      }
    },
    "nixpkgs": {
      "locked": {
        "lastModified": 1632864508,
        "narHash": "sha256-d127FIvGR41XbVRDPVvozUPQ/uRHbHwvfyKHwEt5xFM=",
        "owner": "NixOS",
        "repo": "nixpkgs",
        "rev": "82891b5e2c2359d7e58d08849e4c89511ab94234",
        "type": "github"
      },
      "original": {
        "id": "nixpkgs",
        "ref": "nixos-21.05-small",
        "type": "indirect"
      }
    },
    "nur": {
      "locked": {
        "lastModified": 1634878602,
        "narHash": "sha256-6szosuaBvlM81iDjx+I6nGPd5Oz5ZSP7F/r/G9PTuVI=",
        "owner": "nix-community",
        "repo": "NUR",
        "rev": "d52954c01880ee9df2507e92d8560fdc28795a20",
        "type": "github"
      },
      "original": {
        "owner": "nix-community",
        "repo": "NUR",
        "type": "github"
      }
    },
    "root": {
      "inputs": {
        "fenix": "fenix",
        "home": "home",
        "macos": "macos",
        "nix": "nix",
        "nixos": "nixos",
        "nur": "nur"
      }
    },
    "rust-analyzer-src": {
      "flake": false,
      "locked": {
        "lastModified": 1635191261,
        "narHash": "sha256-Prl0/cl/izWN487gMp755ZvqkpAL0jD8w3+wLTfJK60=",
        "owner": "rust-analyzer",
        "repo": "rust-analyzer",
        "rev": "ed39b45e8d3d567649d8aec78b3bc63aa5c9f19c",
        "type": "github"
      },
      "original": {
        "owner": "rust-analyzer",
        "ref": "nightly",
        "repo": "rust-analyzer",
        "type": "github"
      }
    }
  },
  "root": "root",
  "version": 7
}
